
Microsoft Visual Studio Solution File, Format Version 12.00
# Visual Studio Version 17
VisualStudioVersion = 17.2.32630.192
MinimumVisualStudioVersion = 10.0.40219.1
Project("{2150E333-8FDC-42A3-9474-1A3956D46DE8}") = "Applications", "Applications", "{010595FE-A54C-448B-9045-D9D58B480A93}"
EndProject
Project("{2150E333-8FDC-42A3-9474-1A3956D46DE8}") = "Libraries", "Libraries", "{0E2E5940-DA77-4F05-81D4-76EF2DE47F5E}"
EndProject
Project("{2150E333-8FDC-42A3-9474-1A3956D46DE8}") = "Solution Items", "Solution Items", "{F972B8B5-55C0-49C0-A919-8359346B352F}"
	ProjectSection(SolutionItems) = preProject
		..\readme.md = ..\readme.md
		..\TranslationPro.postman_collection.json = ..\TranslationPro.postman_collection.json
	EndProjectSection
EndProject
Project("{2150E333-8FDC-42A3-9474-1A3956D46DE8}") = "Testing", "Testing", "{EBD41554-2047-47A6-92E3-576FCF96EC0E}"
EndProject
Project("{9A19103F-16F7-4668-BE54-9A1E7A4F7556}") = "TranslationPro.Api", "TranslationPro.Api\TranslationPro.Api.csproj", "{394E5391-C5B4-4335-AD0F-7CE6833AFBBB}"
EndProject
Project("{9A19103F-16F7-4668-BE54-9A1E7A4F7556}") = "TranslationPro.Base", "TranslationPro.Base\TranslationPro.Base.csproj", "{32D720A4-486F-4C49-B65D-7C4B964203FD}"
EndProject
Project("{9A19103F-16F7-4668-BE54-9A1E7A4F7556}") = "TranslationPro.IdentityServer", "TranslationPro.IdentityServer\TranslationPro.IdentityServer.csproj", "{1D39FE6C-C943-43DD-8BBD-EA577EC9CAFE}"
EndProject
Project("{9A19103F-16F7-4668-BE54-9A1E7A4F7556}") = "TranslationPro.Testing", "TranslationPro.Testing\TranslationPro.Testing.csproj", "{87668E2C-A1F6-4E83-9124-CF31EF841625}"
EndProject
Project("{9A19103F-16F7-4668-BE54-9A1E7A4F7556}") = "TranslationPro.Api.Testing", "TranslationPro.Api.Testing\TranslationPro.Api.Testing.csproj", "{66B8B5F6-D2AE-43DE-A829-672D0DDD50D1}"
EndProject
Project("{FAE04EC0-301F-11D3-BF4B-00C04F79EFBC}") = "TranslationPro.Web", "TranslationPro.Web\TranslationPro.Web.csproj", "{3857905C-AC37-46C8-BF7E-1F5D1DC058BE}"
EndProject
Global
	GlobalSection(SolutionConfigurationPlatforms) = preSolution
		Debug|Any CPU = Debug|Any CPU
		Release|Any CPU = Release|Any CPU
	EndGlobalSection
	GlobalSection(ProjectConfigurationPlatforms) = postSolution
		{394E5391-C5B4-4335-AD0F-7CE6833AFBBB}.Debug|Any CPU.ActiveCfg = Debug|Any CPU
		{394E5391-C5B4-4335-AD0F-7CE6833AFBBB}.Debug|Any CPU.Build.0 = Debug|Any CPU
		{394E5391-C5B4-4335-AD0F-7CE6833AFBBB}.Release|Any CPU.ActiveCfg = Release|Any CPU
		{394E5391-C5B4-4335-AD0F-7CE6833AFBBB}.Release|Any CPU.Build.0 = Release|Any CPU
		{32D720A4-486F-4C49-B65D-7C4B964203FD}.Debug|Any CPU.ActiveCfg = Debug|Any CPU
		{32D720A4-486F-4C49-B65D-7C4B964203FD}.Debug|Any CPU.Build.0 = Debug|Any CPU
		{32D720A4-486F-4C49-B65D-7C4B964203FD}.Release|Any CPU.ActiveCfg = Release|Any CPU
		{32D720A4-486F-4C49-B65D-7C4B964203FD}.Release|Any CPU.Build.0 = Release|Any CPU
		{1D39FE6C-C943-43DD-8BBD-EA577EC9CAFE}.Debug|Any CPU.ActiveCfg = Debug|Any CPU
		{1D39FE6C-C943-43DD-8BBD-EA577EC9CAFE}.Debug|Any CPU.Build.0 = Debug|Any CPU
		{1D39FE6C-C943-43DD-8BBD-EA577EC9CAFE}.Release|Any CPU.ActiveCfg = Release|Any CPU
		{1D39FE6C-C943-43DD-8BBD-EA577EC9CAFE}.Release|Any CPU.Build.0 = Release|Any CPU
		{87668E2C-A1F6-4E83-9124-CF31EF841625}.Debug|Any CPU.ActiveCfg = Debug|Any CPU
		{87668E2C-A1F6-4E83-9124-CF31EF841625}.Debug|Any CPU.Build.0 = Debug|Any CPU
		{87668E2C-A1F6-4E83-9124-CF31EF841625}.Release|Any CPU.ActiveCfg = Release|Any CPU
		{87668E2C-A1F6-4E83-9124-CF31EF841625}.Release|Any CPU.Build.0 = Release|Any CPU
		{66B8B5F6-D2AE-43DE-A829-672D0DDD50D1}.Debug|Any CPU.ActiveCfg = Debug|Any CPU
		{66B8B5F6-D2AE-43DE-A829-672D0DDD50D1}.Debug|Any CPU.Build.0 = Debug|Any CPU
		{66B8B5F6-D2AE-43DE-A829-672D0DDD50D1}.Release|Any CPU.ActiveCfg = Release|Any CPU
		{66B8B5F6-D2AE-43DE-A829-672D0DDD50D1}.Release|Any CPU.Build.0 = Release|Any CPU
		{3857905C-AC37-46C8-BF7E-1F5D1DC058BE}.Debug|Any CPU.ActiveCfg = Debug|Any CPU
		{3857905C-AC37-46C8-BF7E-1F5D1DC058BE}.Debug|Any CPU.Build.0 = Debug|Any CPU
		{3857905C-AC37-46C8-BF7E-1F5D1DC058BE}.Release|Any CPU.ActiveCfg = Release|Any CPU
		{3857905C-AC37-46C8-BF7E-1F5D1DC058BE}.Release|Any CPU.Build.0 = Release|Any CPU
	EndGlobalSection
	GlobalSection(SolutionProperties) = preSolution
		HideSolutionNode = FALSE
	EndGlobalSection
	GlobalSection(NestedProjects) = preSolution
		{394E5391-C5B4-4335-AD0F-7CE6833AFBBB} = {010595FE-A54C-448B-9045-D9D58B480A93}
		{32D720A4-486F-4C49-B65D-7C4B964203FD} = {0E2E5940-DA77-4F05-81D4-76EF2DE47F5E}
		{1D39FE6C-C943-43DD-8BBD-EA577EC9CAFE} = {010595FE-A54C-448B-9045-D9D58B480A93}
		{87668E2C-A1F6-4E83-9124-CF31EF841625} = {EBD41554-2047-47A6-92E3-576FCF96EC0E}
		{66B8B5F6-D2AE-43DE-A829-672D0DDD50D1} = {EBD41554-2047-47A6-92E3-576FCF96EC0E}
		{3857905C-AC37-46C8-BF7E-1F5D1DC058BE} = {010595FE-A54C-448B-9045-D9D58B480A93}
	EndGlobalSection
	GlobalSection(ExtensibilityGlobals) = postSolution
		SolutionGuid = {5D3B855C-D595-4463-8A54-ECCE5633A7C3}
	EndGlobalSection
EndGlobal
